{
    "_readme": [
        "This file locks the dependencies of your project to a known state",
        "Read more about it at https://getcomposer.org/doc/01-basic-usage.md#installing-dependencies",
        "This file is @generated automatically"
    ],
    "content-hash": "b75f2d29168a8acafd142de40123c3e6",
    "packages": [
        {
            "name": "ramirophp/basic-magic",
            "version": "dev-main",
            "source": {
                "type": "git",
                "url": "https://github.com/ramirophp/basic-magic.git",
                "reference": "e8ef83bac1e9d485fed11e2e43d6ca19555cf6fd"
            },
            "dist": {
                "type": "zip",
                "url": "https://api.github.com/repos/ramirophp/basic-magic/zipball/e8ef83bac1e9d485fed11e2e43d6ca19555cf6fd",
                "reference": "e8ef83bac1e9d485fed11e2e43d6ca19555cf6fd",
                "shasum": ""
            },
            "default-branch": true,
            "type": "library",
            "autoload": {
                "psr-4": {
                    "Rmo\\": "src/",
                    "Rmo\\interface\\": "src/interfaces/"
                },
                "files": [
                    "src/files/helpers_etiqueta.php",
                    "src/files/helpers_atributos.php",
                    "src/files/helpers_magic.php"
                ]
            },
            "notification-url": "https://packagist.org/downloads/",
            "license": [
                "MIT"
            ],
            "authors": [
                {
                    "name": "ramirophp",
                    "email": "ramiro_php@protonmail.com"
                }
            ],
            "description": "etiquetas html para las vistas",
            "support": {
                "issues": "https://github.com/ramirophp/basic-magic/issues",
                "source": "https://github.com/ramirophp/basic-magic/tree/main"
            },
            "time": "2021-08-04T22:23:42+00:00"
        }
    ],
    "packages-dev": [],
    "aliases": [],
    "minimum-stability": "dev",
    "stability-flags": {
        "ramirophp/basic-magic": 20
    },
    "prefer-stable": false,
    "prefer-lowest": false,
    "platform": [],
    "platform-dev": [],
    "plugin-api-version": "2.1.0"
}
